
Microsoft Visual Studio Solution File, Format Version 12.00
# Visual Studio 2013
VisualStudioVersion = 12.0.30110.0
MinimumVisualStudioVersion = 10.0.40219.1
Project("{2150E333-8FDC-42A3-9474-1A3956D46DE8}") = "docs", "docs", "{F89C3372-408F-4F99-A7BF-D2818C959F50}"
EndProject
Project("{2150E333-8FDC-42A3-9474-1A3956D46DE8}") = "test", "test", "{45DD2233-A75B-42B8-BE5A-D8C631A9291C}"
EndProject
Project("{FAE04EC0-301F-11D3-BF4B-00C04F79EFBC}") = "LogJam.UnitTests", "test\UnitTests\LogJam\LogJam.UnitTests.csproj", "{6274E396-7957-43E1-B76B-51921F9C6AC3}"
EndProject
Project("{2150E333-8FDC-42A3-9474-1A3956D46DE8}") = "src", "src", "{E3D54447-25CA-42F6-B58A-8A544118802E}"
EndProject
Project("{FAE04EC0-301F-11D3-BF4B-00C04F79EFBC}") = "LogJam", "src\LogJam\LogJam.csproj", "{43F154AD-AA27-48B3-BA07-D02C92BE4F45}"
EndProject
Project("{2150E333-8FDC-42A3-9474-1A3956D46DE8}") = "build", "build", "{BE3BFA82-C90B-476C-A474-BF5206FDB4EB}"
	ProjectSection(SolutionItems) = preProject
		build\CsprojCommon.targets = build\CsprojCommon.targets
		build\Version.cs = build\Version.cs
	EndProjectSection
EndProject
Project("{FAE04EC0-301F-11D3-BF4B-00C04F79EFBC}") = "LogJam.Owin", "src\LogJam.Owin\LogJam.Owin.csproj", "{9D6DC0B4-01EF-4027-827E-1561E82F66A3}"
EndProject
Global
	GlobalSection(SolutionConfigurationPlatforms) = preSolution
		Debug|Any CPU = Debug|Any CPU
		Release|Any CPU = Release|Any CPU
	EndGlobalSection
	GlobalSection(ProjectConfigurationPlatforms) = postSolution
		{6274E396-7957-43E1-B76B-51921F9C6AC3}.Debug|Any CPU.ActiveCfg = Debug|Any CPU
		{6274E396-7957-43E1-B76B-51921F9C6AC3}.Debug|Any CPU.Build.0 = Debug|Any CPU
		{6274E396-7957-43E1-B76B-51921F9C6AC3}.Release|Any CPU.ActiveCfg = Release|Any CPU
		{6274E396-7957-43E1-B76B-51921F9C6AC3}.Release|Any CPU.Build.0 = Release|Any CPU
		{43F154AD-AA27-48B3-BA07-D02C92BE4F45}.Debug|Any CPU.ActiveCfg = Debug|Any CPU
		{43F154AD-AA27-48B3-BA07-D02C92BE4F45}.Debug|Any CPU.Build.0 = Debug|Any CPU
		{43F154AD-AA27-48B3-BA07-D02C92BE4F45}.Release|Any CPU.ActiveCfg = Release|Any CPU
		{43F154AD-AA27-48B3-BA07-D02C92BE4F45}.Release|Any CPU.Build.0 = Release|Any CPU
		{9D6DC0B4-01EF-4027-827E-1561E82F66A3}.Debug|Any CPU.ActiveCfg = Debug|Any CPU
		{9D6DC0B4-01EF-4027-827E-1561E82F66A3}.Debug|Any CPU.Build.0 = Debug|Any CPU
		{9D6DC0B4-01EF-4027-827E-1561E82F66A3}.Release|Any CPU.ActiveCfg = Release|Any CPU
		{9D6DC0B4-01EF-4027-827E-1561E82F66A3}.Release|Any CPU.Build.0 = Release|Any CPU
	EndGlobalSection
	GlobalSection(SolutionProperties) = preSolution
		HideSolutionNode = FALSE
	EndGlobalSection
	GlobalSection(NestedProjects) = preSolution
		{6274E396-7957-43E1-B76B-51921F9C6AC3} = {45DD2233-A75B-42B8-BE5A-D8C631A9291C}
		{43F154AD-AA27-48B3-BA07-D02C92BE4F45} = {E3D54447-25CA-42F6-B58A-8A544118802E}
		{9D6DC0B4-01EF-4027-827E-1561E82F66A3} = {E3D54447-25CA-42F6-B58A-8A544118802E}
	EndGlobalSection
EndGlobal
