
Microsoft Visual Studio Solution File, Format Version 12.00
# Visual Studio 15
VisualStudioVersion = 15.0.26730.16
MinimumVisualStudioVersion = 10.0.40219.1
Project("{2150E333-8FDC-42A3-9474-1A3956D46DE8}") = "docs", "docs", "{F89C3372-408F-4F99-A7BF-D2818C959F50}"
	ProjectSection(SolutionItems) = preProject
		API.md = API.md
		README.md = README.md
		docs\TODO.md = docs\TODO.md
	EndProjectSection
EndProject
Project("{2150E333-8FDC-42A3-9474-1A3956D46DE8}") = "test", "test", "{45DD2233-A75B-42B8-BE5A-D8C631A9291C}"
EndProject
Project("{2150E333-8FDC-42A3-9474-1A3956D46DE8}") = "src", "src", "{E3D54447-25CA-42F6-B58A-8A544118802E}"
EndProject
Project("{2150E333-8FDC-42A3-9474-1A3956D46DE8}") = "build", "build", "{BE3BFA82-C90B-476C-A474-BF5206FDB4EB}"
	ProjectSection(SolutionItems) = preProject
		.editorconfig = .editorconfig
		appveyor.yml = appveyor.yml
		Directory.Build.props = Directory.Build.props
		NuGet.config = NuGet.config
		test.ps1 = test.ps1
		build\xUnit.Common.props = build\xUnit.Common.props
	EndProjectSection
EndProject
Project("{D954291E-2A0B-460D-934E-DC6B0785DB48}") = "LogJam.Shared.Internal", "src\Shared-Internal\LogJam.Shared.Internal.shproj", "{6D0D7963-136B-4336-A4B0-3B8CD0461D79}"
EndProject
Project("{9A19103F-16F7-4668-BE54-9A1E7A4F7556}") = "LogJam", "src\LogJam\LogJam.csproj", "{CD9E32AA-B532-48B2-A03C-16E424AA9F54}"
EndProject
Project("{9A19103F-16F7-4668-BE54-9A1E7A4F7556}") = "LogJam.UnitTests", "test\LogJam.UnitTests\LogJam.UnitTests.csproj", "{CFBC78A3-B641-4C02-9452-00931B175B99}"
EndProject
Project("{9A19103F-16F7-4668-BE54-9A1E7A4F7556}") = "LogJam.Internal.UnitTests", "test\LogJam.Internal.UnitTests\LogJam.Internal.UnitTests.csproj", "{D7143E75-7BA5-46BF-963C-B55518C4B8C5}"
EndProject
Project("{9A19103F-16F7-4668-BE54-9A1E7A4F7556}") = "LogJam.Test.Shared", "test\LogJam.Test.Shared\LogJam.Test.Shared.csproj", "{0762F4D9-CC50-4820-ABFE-6CADFD2504F4}"
EndProject
Project("{9A19103F-16F7-4668-BE54-9A1E7A4F7556}") = "LogJam.XUnit2", "src\LogJam.XUnit2\LogJam.XUnit2.csproj", "{F62CC699-4F11-4BF1-A494-15564D94BCB3}"
EndProject
Project("{9A19103F-16F7-4668-BE54-9A1E7A4F7556}") = "LogJam.ConsoleTester", "test\LogJam.ConsoleTester\LogJam.ConsoleTester.csproj", "{A2E1A4B8-1A47-4E9B-874E-F1BA1E0659E8}"
EndProject
Project("{9A19103F-16F7-4668-BE54-9A1E7A4F7556}") = "LogJam.XUnit2.UnitTests", "test\LogJam.XUnit2.UnitTests\LogJam.XUnit2.UnitTests.csproj", "{0324386F-8763-4F68-B465-A9AA6BA7F399}"
EndProject
Global
	GlobalSection(SharedMSBuildProjectFiles) = preSolution
		src\Shared-Internal\Shared-Internal.projitems*{6d0d7963-136b-4336-a4b0-3b8cd0461d79}*SharedItemsImports = 13
	EndGlobalSection
	GlobalSection(SolutionConfigurationPlatforms) = preSolution
		Debug|Any CPU = Debug|Any CPU
		Release|Any CPU = Release|Any CPU
	EndGlobalSection
	GlobalSection(ProjectConfigurationPlatforms) = postSolution
		{CD9E32AA-B532-48B2-A03C-16E424AA9F54}.Debug|Any CPU.ActiveCfg = Debug|Any CPU
		{CD9E32AA-B532-48B2-A03C-16E424AA9F54}.Debug|Any CPU.Build.0 = Debug|Any CPU
		{CD9E32AA-B532-48B2-A03C-16E424AA9F54}.Release|Any CPU.ActiveCfg = Release|Any CPU
		{CD9E32AA-B532-48B2-A03C-16E424AA9F54}.Release|Any CPU.Build.0 = Release|Any CPU
		{CFBC78A3-B641-4C02-9452-00931B175B99}.Debug|Any CPU.ActiveCfg = Debug|Any CPU
		{CFBC78A3-B641-4C02-9452-00931B175B99}.Debug|Any CPU.Build.0 = Debug|Any CPU
		{CFBC78A3-B641-4C02-9452-00931B175B99}.Release|Any CPU.ActiveCfg = Release|Any CPU
		{CFBC78A3-B641-4C02-9452-00931B175B99}.Release|Any CPU.Build.0 = Release|Any CPU
		{D7143E75-7BA5-46BF-963C-B55518C4B8C5}.Debug|Any CPU.ActiveCfg = Debug|Any CPU
		{D7143E75-7BA5-46BF-963C-B55518C4B8C5}.Debug|Any CPU.Build.0 = Debug|Any CPU
		{D7143E75-7BA5-46BF-963C-B55518C4B8C5}.Release|Any CPU.ActiveCfg = Release|Any CPU
		{D7143E75-7BA5-46BF-963C-B55518C4B8C5}.Release|Any CPU.Build.0 = Release|Any CPU
		{0762F4D9-CC50-4820-ABFE-6CADFD2504F4}.Debug|Any CPU.ActiveCfg = Debug|Any CPU
		{0762F4D9-CC50-4820-ABFE-6CADFD2504F4}.Debug|Any CPU.Build.0 = Debug|Any CPU
		{0762F4D9-CC50-4820-ABFE-6CADFD2504F4}.Release|Any CPU.ActiveCfg = Release|Any CPU
		{0762F4D9-CC50-4820-ABFE-6CADFD2504F4}.Release|Any CPU.Build.0 = Release|Any CPU
		{F62CC699-4F11-4BF1-A494-15564D94BCB3}.Debug|Any CPU.ActiveCfg = Debug|Any CPU
		{F62CC699-4F11-4BF1-A494-15564D94BCB3}.Debug|Any CPU.Build.0 = Debug|Any CPU
		{F62CC699-4F11-4BF1-A494-15564D94BCB3}.Release|Any CPU.ActiveCfg = Release|Any CPU
		{F62CC699-4F11-4BF1-A494-15564D94BCB3}.Release|Any CPU.Build.0 = Release|Any CPU
		{A2E1A4B8-1A47-4E9B-874E-F1BA1E0659E8}.Debug|Any CPU.ActiveCfg = Debug|Any CPU
		{A2E1A4B8-1A47-4E9B-874E-F1BA1E0659E8}.Debug|Any CPU.Build.0 = Debug|Any CPU
		{A2E1A4B8-1A47-4E9B-874E-F1BA1E0659E8}.Release|Any CPU.ActiveCfg = Release|Any CPU
		{A2E1A4B8-1A47-4E9B-874E-F1BA1E0659E8}.Release|Any CPU.Build.0 = Release|Any CPU
		{0324386F-8763-4F68-B465-A9AA6BA7F399}.Debug|Any CPU.ActiveCfg = Debug|Any CPU
		{0324386F-8763-4F68-B465-A9AA6BA7F399}.Debug|Any CPU.Build.0 = Debug|Any CPU
		{0324386F-8763-4F68-B465-A9AA6BA7F399}.Release|Any CPU.ActiveCfg = Release|Any CPU
		{0324386F-8763-4F68-B465-A9AA6BA7F399}.Release|Any CPU.Build.0 = Release|Any CPU
	EndGlobalSection
	GlobalSection(SolutionProperties) = preSolution
		HideSolutionNode = FALSE
	EndGlobalSection
	GlobalSection(NestedProjects) = preSolution
		{6D0D7963-136B-4336-A4B0-3B8CD0461D79} = {E3D54447-25CA-42F6-B58A-8A544118802E}
		{CD9E32AA-B532-48B2-A03C-16E424AA9F54} = {E3D54447-25CA-42F6-B58A-8A544118802E}
		{CFBC78A3-B641-4C02-9452-00931B175B99} = {45DD2233-A75B-42B8-BE5A-D8C631A9291C}
		{D7143E75-7BA5-46BF-963C-B55518C4B8C5} = {45DD2233-A75B-42B8-BE5A-D8C631A9291C}
		{0762F4D9-CC50-4820-ABFE-6CADFD2504F4} = {45DD2233-A75B-42B8-BE5A-D8C631A9291C}
		{F62CC699-4F11-4BF1-A494-15564D94BCB3} = {E3D54447-25CA-42F6-B58A-8A544118802E}
		{A2E1A4B8-1A47-4E9B-874E-F1BA1E0659E8} = {45DD2233-A75B-42B8-BE5A-D8C631A9291C}
		{0324386F-8763-4F68-B465-A9AA6BA7F399} = {45DD2233-A75B-42B8-BE5A-D8C631A9291C}
	EndGlobalSection
	GlobalSection(ExtensibilityGlobals) = postSolution
		SolutionGuid = {562113F5-7581-41F9-8F10-698F533C0C7A}
	EndGlobalSection
EndGlobal
